
Microsoft Visual Studio Solution File, Format Version 11.00
# Visual Studio 2010
Project("{8BC9CEB8-8B4A-11D0-8D11-00A0C91BC942}") = "Dragon", "Dragon\Dragon.vcxproj", "{DCAC0D3B-7CCB-40BE-94A0-4E5E5DB4AD9A}"
EndProject
Project("{8BC9CEB8-8B4A-11D0-8D11-00A0C91BC942}") = "DragonEngine", "DragonEngine\DragonEngine.vcxproj", "{2676D137-3B63-4156-A39E-BD26A787E08A}"
EndProject
Global
	GlobalSection(SolutionConfigurationPlatforms) = preSolution
		Debug|Win32 = Debug|Win32
		Release|Win32 = Release|Win32
	EndGlobalSection
	GlobalSection(ProjectConfigurationPlatforms) = postSolution
		{DCAC0D3B-7CCB-40BE-94A0-4E5E5DB4AD9A}.Debug|Win32.ActiveCfg = Debug|Win32
		{DCAC0D3B-7CCB-40BE-94A0-4E5E5DB4AD9A}.Debug|Win32.Build.0 = Debug|Win32
		{DCAC0D3B-7CCB-40BE-94A0-4E5E5DB4AD9A}.Release|Win32.ActiveCfg = Release|Win32
		{DCAC0D3B-7CCB-40BE-94A0-4E5E5DB4AD9A}.Release|Win32.Build.0 = Release|Win32
		{2676D137-3B63-4156-A39E-BD26A787E08A}.Debug|Win32.ActiveCfg = Debug|Win32
		{2676D137-3B63-4156-A39E-BD26A787E08A}.Debug|Win32.Build.0 = Debug|Win32
		{2676D137-3B63-4156-A39E-BD26A787E08A}.Release|Win32.ActiveCfg = Release|Win32
		{2676D137-3B63-4156-A39E-BD26A787E08A}.Release|Win32.Build.0 = Release|Win32
	EndGlobalSection
	GlobalSection(SolutionProperties) = preSolution
		HideSolutionNode = FALSE
	EndGlobalSection
EndGlobal
